{
  "requires": true,
  "lockfileVersion": 1,
  "dependencies": {
    "@aximario/json-tree": {
      "version": "2.1.0",
      "resolved": "https://registry.npmjs.org/@aximario/json-tree/-/json-tree-2.1.0.tgz",
      "integrity": "sha512-yl57B6Q1C/Wg4+D5SFN+LXhyc3rA8yuYePodLUpoUNO3Q2G5gsNWTFCQODPALsDl5OLma+qTCgmqoC1TM1y+Fw=="
    }
  }
}
